Microsoft Visual Studio Solution File, Format Version 12.00
# Visual Studio Version 17
VisualStudioVersion = 17.5.2.0
MinimumVisualStudioVersion = 10.0.40219.1
Project("{FAE04EC0-301F-11D3-BF4B-00C04F79EFBC}") = "ApiCiberistas", "ApiCiberistas.csproj", "{B6272D5F-728B-5940-E31A-C51C20BAE508}"
EndProject
Global
	GlobalSection(SolutionConfigurationPlatforms) = preSolution
		Debug|Any CPU = Debug|Any CPU
		Release|Any CPU = Release|Any CPU
	EndGlobalSection
	GlobalSection(ProjectConfigurationPlatforms) = postSolution
		{B6272D5F-728B-5940-E31A-C51C20BAE508}.Debug|Any CPU.ActiveCfg = Debug|Any CPU
		{B6272D5F-728B-5940-E31A-C51C20BAE508}.Debug|Any CPU.Build.0 = Debug|Any CPU
		{B6272D5F-728B-5940-E31A-C51C20BAE508}.Release|Any CPU.ActiveCfg = Release|Any CPU
		{B6272D5F-728B-5940-E31A-C51C20BAE508}.Release|Any CPU.Build.0 = Release|Any CPU
	EndGlobalSection
	GlobalSection(SolutionProperties) = preSolution
		HideSolutionNode = FALSE
	EndGlobalSection
	GlobalSection(ExtensibilityGlobals) = postSolution
		SolutionGuid = {F379DE32-D94D-4C49-884E-5332AE058D64}
	EndGlobalSection
EndGlobal
